
Microsoft Visual Studio Solution File, Format Version 12.00
# Visual Studio Version 17
VisualStudioVersion = 17.5.33516.290
MinimumVisualStudioVersion = 10.0.40219.1
Project("{9A19103F-16F7-4668-BE54-9A1E7A4F7556}") = "DeliveryTerminal", "DeliveryTerminal.csproj", "{A1393E26-477E-4043-A3ED-3C66CF0C16FD}"
EndProject
Global
	GlobalSection(SolutionConfigurationPlatforms) = preSolution
		Debug|Any CPU = Debug|Any CPU
		Release|Any CPU = Release|Any CPU
	EndGlobalSection
	GlobalSection(ProjectConfigurationPlatforms) = postSolution
		{A1393E26-477E-4043-A3ED-3C66CF0C16FD}.Debug|Any CPU.ActiveCfg = Debug|Any CPU
		{A1393E26-477E-4043-A3ED-3C66CF0C16FD}.Debug|Any CPU.Build.0 = Debug|Any CPU
		{A1393E26-477E-4043-A3ED-3C66CF0C16FD}.Release|Any CPU.ActiveCfg = Release|Any CPU
		{A1393E26-477E-4043-A3ED-3C66CF0C16FD}.Release|Any CPU.Build.0 = Release|Any CPU
	EndGlobalSection
	GlobalSection(SolutionProperties) = preSolution
		HideSolutionNode = FALSE
	EndGlobalSection
	GlobalSection(ExtensibilityGlobals) = postSolution
		SolutionGuid = {3E01EB0A-A8EF-42D9-B50A-C95434ACEDF0}
	EndGlobalSection
EndGlobal
